// !$*UTF8*$!
{
	archiveVersion = 1;
	classes = {
	};
	objectVersion = 46;
	objects = {

/* Begin PBXFileReference section */
		ADE2B2011EFD524500BE0376 /* _layouts */ = {isa = PBXFileReference; lastKnownFileType = folder; path = _layouts; sourceTree = "<group>"; };
		ADE2B2021EFD524500BE0376 /* _posts */ = {isa = PBXFileReference; lastKnownFileType = folder; path = _posts; sourceTree = "<group>"; };
		ADE2B2031EFD524500BE0376 /* blog */ = {isa = PBXFileReference; lastKnownFileType = folder; path = blog; sourceTree = "<group>"; };
		ADE2B2041EFD524500BE0376 /* css */ = {isa = PBXFileReference; lastKnownFileType = folder; path = css; sourceTree = "<group>"; };
		ADE2B2051EFD524500BE0376 /* _config.yml */ = {isa = PBXFileReference; lastKnownFileType = text; path = _config.yml; sourceTree = "<group>"; };
		ADE2B2061EFD524500BE0376 /* about.html */ = {isa = PBXFileReference; lastKnownFileType = text.html; path = about.html; sourceTree = "<group>"; };
		ADE2B2071EFD524500BE0376 /* index.html */ = {isa = PBXFileReference; lastKnownFileType = text.html; path = index.html; sourceTree = "<group>"; };
		ADE2B2081EFD524500BE0376 /* README.md */ = {isa = PBXFileReference; lastKnownFileType = net.daringfireball.markdown; path = README.md; sourceTree = "<group>"; };
/* End PBXFileReference section */

/* Begin PBXGroup section */
		ADE2B1FA1EFD518B00BE0376 = {
			isa = PBXGroup;
			children = (
				ADE2B2011EFD524500BE0376 /* _layouts */,
				ADE2B2021EFD524500BE0376 /* _posts */,
				ADE2B2031EFD524500BE0376 /* blog */,
				ADE2B2041EFD524500BE0376 /* css */,
				ADE2B2051EFD524500BE0376 /* _config.yml */,
				ADE2B2061EFD524500BE0376 /* about.html */,
				ADE2B2071EFD524500BE0376 /* index.html */,
				ADE2B2081EFD524500BE0376 /* README.md */,
			);
			sourceTree = "<group>";
		};
/* End PBXGroup section */

/* Begin PBXProject section */
		ADE2B1FB1EFD518B00BE0376 /* Project object */ = {
			isa = PBXProject;
			attributes = {
				LastUpgradeCheck = 0830;
			};
			buildConfigurationList = ADE2B1FE1EFD518B00BE0376 /* Build configuration list for PBXProject "cargath.github.io" */;
			compatibilityVersion = "Xcode 3.2";
			developmentRegion = English;
			hasScannedForEncodings = 0;
			knownRegions = (
				en,
			);
			mainGroup = ADE2B1FA1EFD518B00BE0376;
			projectDirPath = "";
			projectRoot = "";
			targets = (
			);
		};
/* End PBXProject section */

/* Begin XCBuildConfiguration section */
		ADE2B1FF1EFD518B00BE0376 /* Debug */ = {
			isa = XCBuildConfiguration;
			buildSettings = {
			};
			name = Debug;
		};
		ADE2B2001EFD518B00BE0376 /* Release */ = {
			isa = XCBuildConfiguration;
			buildSettings = {
			};
			name = Release;
		};
/* End XCBuildConfiguration section */

/* Begin XCConfigurationList section */
		ADE2B1FE1EFD518B00BE0376 /* Build configuration list for PBXProject "cargath.github.io" */ = {
			isa = XCConfigurationList;
			buildConfigurations = (
				ADE2B1FF1EFD518B00BE0376 /* Debug */,
				ADE2B2001EFD518B00BE0376 /* Release */,
			);
			defaultConfigurationIsVisible = 0;
			defaultConfigurationName = Release;
		};
/* End XCConfigurationList section */
	};
	rootObject = ADE2B1FB1EFD518B00BE0376 /* Project object */;
}
